
Microsoft Visual Studio Solution File, Format Version 12.00
Project("{2150E333-8FDC-42A3-9474-1A3956D46DE8}") = "src", "src", "{428C3397-A6FF-40BE-9541-F5B32D74E6CD}"
EndProject
Project("{2150E333-8FDC-42A3-9474-1A3956D46DE8}") = "demo", "demo", "{55102D6C-E890-416F-BA08-295917AD2759}"
EndProject
Project("{FAE04EC0-301F-11D3-BF4B-00C04F79EFBC}") = "HybridServices.Contract", "src\HybridServices.Contract\HybridServices.Contract.csproj", "{4630B151-48D1-4A7D-B9FA-04E196EB37B6}"
EndProject
Project("{FAE04EC0-301F-11D3-BF4B-00C04F79EFBC}") = "Client", "demo\Client\Client.csproj", "{D560A398-CDAA-48D4-A79A-75F4B1D5C477}"
EndProject
Project("{FAE04EC0-301F-11D3-BF4B-00C04F79EFBC}") = "Server", "demo\Server\Server.csproj", "{F8877B4B-BEC5-4A20-83D1-F4FFA3FD5722}"
EndProject
Project("{FAE04EC0-301F-11D3-BF4B-00C04F79EFBC}") = "BusinessModule", "demo\BusinessModule\BusinessModule.csproj", "{CCB38407-E6DD-4FB7-8390-D886990F6BA3}"
EndProject
Project("{FAE04EC0-301F-11D3-BF4B-00C04F79EFBC}") = "HybridServices.Core", "src\HybridServices.Core\HybridServices.Core.csproj", "{D2A00515-F584-462D-8B7E-5FD47751207C}"
EndProject
Global
	GlobalSection(SolutionConfigurationPlatforms) = preSolution
		Debug|Any CPU = Debug|Any CPU
		Release|Any CPU = Release|Any CPU
	EndGlobalSection
	GlobalSection(NestedProjects) = preSolution
		{4630B151-48D1-4A7D-B9FA-04E196EB37B6} = {428C3397-A6FF-40BE-9541-F5B32D74E6CD}
		{D560A398-CDAA-48D4-A79A-75F4B1D5C477} = {55102D6C-E890-416F-BA08-295917AD2759}
		{F8877B4B-BEC5-4A20-83D1-F4FFA3FD5722} = {55102D6C-E890-416F-BA08-295917AD2759}
		{CCB38407-E6DD-4FB7-8390-D886990F6BA3} = {55102D6C-E890-416F-BA08-295917AD2759}
		{D2A00515-F584-462D-8B7E-5FD47751207C} = {428C3397-A6FF-40BE-9541-F5B32D74E6CD}
	EndGlobalSection
	GlobalSection(ProjectConfigurationPlatforms) = postSolution
		{4630B151-48D1-4A7D-B9FA-04E196EB37B6}.Debug|Any CPU.ActiveCfg = Debug|Any CPU
		{4630B151-48D1-4A7D-B9FA-04E196EB37B6}.Debug|Any CPU.Build.0 = Debug|Any CPU
		{4630B151-48D1-4A7D-B9FA-04E196EB37B6}.Release|Any CPU.ActiveCfg = Release|Any CPU
		{4630B151-48D1-4A7D-B9FA-04E196EB37B6}.Release|Any CPU.Build.0 = Release|Any CPU
		{D560A398-CDAA-48D4-A79A-75F4B1D5C477}.Debug|Any CPU.ActiveCfg = Debug|Any CPU
		{D560A398-CDAA-48D4-A79A-75F4B1D5C477}.Debug|Any CPU.Build.0 = Debug|Any CPU
		{D560A398-CDAA-48D4-A79A-75F4B1D5C477}.Release|Any CPU.ActiveCfg = Release|Any CPU
		{D560A398-CDAA-48D4-A79A-75F4B1D5C477}.Release|Any CPU.Build.0 = Release|Any CPU
		{F8877B4B-BEC5-4A20-83D1-F4FFA3FD5722}.Debug|Any CPU.ActiveCfg = Debug|Any CPU
		{F8877B4B-BEC5-4A20-83D1-F4FFA3FD5722}.Debug|Any CPU.Build.0 = Debug|Any CPU
		{F8877B4B-BEC5-4A20-83D1-F4FFA3FD5722}.Release|Any CPU.ActiveCfg = Release|Any CPU
		{F8877B4B-BEC5-4A20-83D1-F4FFA3FD5722}.Release|Any CPU.Build.0 = Release|Any CPU
		{CCB38407-E6DD-4FB7-8390-D886990F6BA3}.Debug|Any CPU.ActiveCfg = Debug|Any CPU
		{CCB38407-E6DD-4FB7-8390-D886990F6BA3}.Debug|Any CPU.Build.0 = Debug|Any CPU
		{CCB38407-E6DD-4FB7-8390-D886990F6BA3}.Release|Any CPU.ActiveCfg = Release|Any CPU
		{CCB38407-E6DD-4FB7-8390-D886990F6BA3}.Release|Any CPU.Build.0 = Release|Any CPU
		{D2A00515-F584-462D-8B7E-5FD47751207C}.Debug|Any CPU.ActiveCfg = Debug|Any CPU
		{D2A00515-F584-462D-8B7E-5FD47751207C}.Debug|Any CPU.Build.0 = Debug|Any CPU
		{D2A00515-F584-462D-8B7E-5FD47751207C}.Release|Any CPU.ActiveCfg = Release|Any CPU
		{D2A00515-F584-462D-8B7E-5FD47751207C}.Release|Any CPU.Build.0 = Release|Any CPU
	EndGlobalSection
EndGlobal
